
Microsoft Visual Studio Solution File, Format Version 12.00
# Visual Studio Version 16
VisualStudioVersion = 16.0.30611.23
MinimumVisualStudioVersion = 15.0.26124.0
Project("{FAE04EC0-301F-11D3-BF4B-00C04F79EFBC}") = "Logistika2024.Objects", "Objects/Logistika2024.Objects.csproj", "5afe92e2-8cb2-4b5b-ac6a-f2c56115d9b3"
EndProject
Project("{FAE04EC0-301F-11D3-BF4B-00C04F79EFBC}") = "Logistika2024.Tests", "Tests/Logistika2024.Tests.csproj", "0a332112-a3c9-4898-bcd6-0ab716fbff0a"
EndProject
Project("{FAE04EC0-301F-11D3-BF4B-00C04F79EFBC}") = "Logistika2024.ODataBackend", "ODataBackend/Logistika2024.ODataBackend.csproj", "fdc6bd9c-c392-42b8-82d0-9aed61cfdc29"
EndProject
Project("{FAE04EC0-301F-11D3-BF4B-00C04F79EFBC}") = "Logistika2024.IntegrationTests", "IntegrationTests/Logistika2024.IntegrationTests.csproj", "a67ae051-7f54-4348-b279-2bf75de47fc3"
EndProject
Global
	GlobalSection(SolutionConfigurationPlatforms) = preSolution
Debug|Any CPU = Debug|Any CPU
Release|Any CPU = Release|Any CPU
	EndGlobalSection
	GlobalSection(ProjectConfigurationPlatforms) = postSolution
		5afe92e2-8cb2-4b5b-ac6a-f2c56115d9b3.Debug|Any CPU.ActiveCfg = Debug|Any CPU
		5afe92e2-8cb2-4b5b-ac6a-f2c56115d9b3.Debug|Any CPU.Build.0 = Debug|Any CPU
		5afe92e2-8cb2-4b5b-ac6a-f2c56115d9b3.Release|Any CPU.ActiveCfg = Release|Any CPU
		5afe92e2-8cb2-4b5b-ac6a-f2c56115d9b3.Release|Any CPU.Build.0 = Release|Any CPU
		0a332112-a3c9-4898-bcd6-0ab716fbff0a.Debug|Any CPU.ActiveCfg = Debug|Any CPU
		0a332112-a3c9-4898-bcd6-0ab716fbff0a.Debug|Any CPU.Build.0 = Debug|Any CPU
		0a332112-a3c9-4898-bcd6-0ab716fbff0a.Release|Any CPU.ActiveCfg = Release|Any CPU
		0a332112-a3c9-4898-bcd6-0ab716fbff0a.Release|Any CPU.Build.0 = Release|Any CPU
		fdc6bd9c-c392-42b8-82d0-9aed61cfdc29.Debug|Any CPU.ActiveCfg = Debug|Any CPU
		fdc6bd9c-c392-42b8-82d0-9aed61cfdc29.Debug|Any CPU.Build.0 = Debug|Any CPU
		fdc6bd9c-c392-42b8-82d0-9aed61cfdc29.Release|Any CPU.ActiveCfg = Release|Any CPU
		fdc6bd9c-c392-42b8-82d0-9aed61cfdc29.Release|Any CPU.Build.0 = Release|Any CPU
		a67ae051-7f54-4348-b279-2bf75de47fc3.Debug|Any CPU.ActiveCfg = Debug|Any CPU
		a67ae051-7f54-4348-b279-2bf75de47fc3.Debug|Any CPU.Build.0 = Debug|Any CPU
		a67ae051-7f54-4348-b279-2bf75de47fc3.Release|Any CPU.ActiveCfg = Release|Any CPU
		a67ae051-7f54-4348-b279-2bf75de47fc3.Release|Any CPU.Build.0 = Release|Any CPU
	EndGlobalSection
	GlobalSection(SolutionProperties) = preSolution
		HideSolutionNode = FALSE
	EndGlobalSection
EndGlobal
